
Microsoft Visual Studio Solution File, Format Version 12.00
# Visual Studio 14
VisualStudioVersion = 14.0.25123.0
MinimumVisualStudioVersion = 10.0.40219.1
Project("{FAE04EC0-301F-11D3-BF4B-00C04F79EFBC}") = "FormulaFieldsWithMobiForms", "FormulaFieldsWithMobiForms\FormulaFieldsWithMobiForms.csproj", "{5262106F-7FC6-4949-AACE-4050053CD8CC}"
EndProject
Project("{FAE04EC0-301F-11D3-BF4B-00C04F79EFBC}") = "Mobilize.Core", "Mobilize.Core\Mobilize.Core.csproj", "{B3ECF77D-7FE0-4178-B678-675985E0C3DA}"
EndProject
Project("{FAE04EC0-301F-11D3-BF4B-00C04F79EFBC}") = "Mobilize.Contract", "Mobilize.Service.Contract\Mobilize.Contract.csproj", "{D7D6F880-4818-426E-9E5B-5B412129D91D}"
EndProject
Project("{FAE04EC0-301F-11D3-BF4B-00C04F79EFBC}") = "FormulaFieldsWorking_parent_child_handled", "FormulaFieldsWorking_parent_child_handled\FormulaFieldsWorking_parent_child_handled.csproj", "{0CDD515B-930F-4A35-B599-8CE2F28DDCAF}"
EndProject
Global
	GlobalSection(SolutionConfigurationPlatforms) = preSolution
		Debug|Any CPU = Debug|Any CPU
		Release|Any CPU = Release|Any CPU
		WebDebug|Any CPU = WebDebug|Any CPU
	EndGlobalSection
	GlobalSection(ProjectConfigurationPlatforms) = postSolution
		{5262106F-7FC6-4949-AACE-4050053CD8CC}.Debug|Any CPU.ActiveCfg = Debug|Any CPU
		{5262106F-7FC6-4949-AACE-4050053CD8CC}.Debug|Any CPU.Build.0 = Debug|Any CPU
		{5262106F-7FC6-4949-AACE-4050053CD8CC}.Release|Any CPU.ActiveCfg = Release|Any CPU
		{5262106F-7FC6-4949-AACE-4050053CD8CC}.Release|Any CPU.Build.0 = Release|Any CPU
		{5262106F-7FC6-4949-AACE-4050053CD8CC}.WebDebug|Any CPU.ActiveCfg = Debug|Any CPU
		{5262106F-7FC6-4949-AACE-4050053CD8CC}.WebDebug|Any CPU.Build.0 = Debug|Any CPU
		{B3ECF77D-7FE0-4178-B678-675985E0C3DA}.Debug|Any CPU.ActiveCfg = Debug|Any CPU
		{B3ECF77D-7FE0-4178-B678-675985E0C3DA}.Debug|Any CPU.Build.0 = Debug|Any CPU
		{B3ECF77D-7FE0-4178-B678-675985E0C3DA}.Release|Any CPU.ActiveCfg = Release|Any CPU
		{B3ECF77D-7FE0-4178-B678-675985E0C3DA}.Release|Any CPU.Build.0 = Release|Any CPU
		{B3ECF77D-7FE0-4178-B678-675985E0C3DA}.WebDebug|Any CPU.ActiveCfg = WebDebug|Any CPU
		{B3ECF77D-7FE0-4178-B678-675985E0C3DA}.WebDebug|Any CPU.Build.0 = WebDebug|Any CPU
		{D7D6F880-4818-426E-9E5B-5B412129D91D}.Debug|Any CPU.ActiveCfg = Debug|Any CPU
		{D7D6F880-4818-426E-9E5B-5B412129D91D}.Debug|Any CPU.Build.0 = Debug|Any CPU
		{D7D6F880-4818-426E-9E5B-5B412129D91D}.Release|Any CPU.ActiveCfg = Release|Any CPU
		{D7D6F880-4818-426E-9E5B-5B412129D91D}.Release|Any CPU.Build.0 = Release|Any CPU
		{D7D6F880-4818-426E-9E5B-5B412129D91D}.WebDebug|Any CPU.ActiveCfg = WebDebug|Any CPU
		{D7D6F880-4818-426E-9E5B-5B412129D91D}.WebDebug|Any CPU.Build.0 = WebDebug|Any CPU
		{0CDD515B-930F-4A35-B599-8CE2F28DDCAF}.Debug|Any CPU.ActiveCfg = Debug|Any CPU
		{0CDD515B-930F-4A35-B599-8CE2F28DDCAF}.Debug|Any CPU.Build.0 = Debug|Any CPU
		{0CDD515B-930F-4A35-B599-8CE2F28DDCAF}.Release|Any CPU.ActiveCfg = Release|Any CPU
		{0CDD515B-930F-4A35-B599-8CE2F28DDCAF}.Release|Any CPU.Build.0 = Release|Any CPU
		{0CDD515B-930F-4A35-B599-8CE2F28DDCAF}.WebDebug|Any CPU.ActiveCfg = Debug|Any CPU
		{0CDD515B-930F-4A35-B599-8CE2F28DDCAF}.WebDebug|Any CPU.Build.0 = Debug|Any CPU
	EndGlobalSection
	GlobalSection(SolutionProperties) = preSolution
		HideSolutionNode = FALSE
	EndGlobalSection
EndGlobal
