
Microsoft Visual Studio Solution File, Format Version 12.00
# Visual Studio 14
VisualStudioVersion = 14.0.25420.1
MinimumVisualStudioVersion = 10.0.40219.1
Project("{FAE04EC0-301F-11D3-BF4B-00C04F79EFBC}") = "NavigationBarBackPressedEventSample.Droid", "NavigationBarBackPressedEventSample\NavigationBarBackPressedEventSample.Droid\NavigationBarBackPressedEventSample.Droid.csproj", "{C385B8F2-EF1B-4436-B380-CCF24F6A8BF6}"
EndProject
Project("{FAE04EC0-301F-11D3-BF4B-00C04F79EFBC}") = "NavigationBarBackPressedEventSample.iOS", "NavigationBarBackPressedEventSample\NavigationBarBackPressedEventSample.iOS\NavigationBarBackPressedEventSample.iOS.csproj", "{459EBF17-EAD9-46E2-BBB1-15840471224E}"
EndProject
Project("{FAE04EC0-301F-11D3-BF4B-00C04F79EFBC}") = "NavigationBarBackPressedEventSample.UWP", "NavigationBarBackPressedEventSample\NavigationBarBackPressedEventSample.UWP\NavigationBarBackPressedEventSample.UWP.csproj", "{C009BE8D-06B0-4262-9C0A-459D7DEF3124}"
EndProject
Project("{FAE04EC0-301F-11D3-BF4B-00C04F79EFBC}") = "NavigationBarBackPressedEventSample", "NavigationBarBackPressedEventSample\NavigationBarBackPressedEventSample\NavigationBarBackPressedEventSample.csproj", "{F8A9CEF7-352D-4116-853F-925AAE4706D1}"
EndProject
Global
	GlobalSection(SolutionConfigurationPlatforms) = preSolution
		Ad-Hoc|Any CPU = Ad-Hoc|Any CPU
		Ad-Hoc|ARM = Ad-Hoc|ARM
		Ad-Hoc|iPhone = Ad-Hoc|iPhone
		Ad-Hoc|iPhoneSimulator = Ad-Hoc|iPhoneSimulator
		Ad-Hoc|x64 = Ad-Hoc|x64
		Ad-Hoc|x86 = Ad-Hoc|x86
		AppStore|Any CPU = AppStore|Any CPU
		AppStore|ARM = AppStore|ARM
		AppStore|iPhone = AppStore|iPhone
		AppStore|iPhoneSimulator = AppStore|iPhoneSimulator
		AppStore|x64 = AppStore|x64
		AppStore|x86 = AppStore|x86
		Debug|Any CPU = Debug|Any CPU
		Debug|ARM = Debug|ARM
		Debug|iPhone = Debug|iPhone
		Debug|iPhoneSimulator = Debug|iPhoneSimulator
		Debug|x64 = Debug|x64
		Debug|x86 = Debug|x86
		Release|Any CPU = Release|Any CPU
		Release|ARM = Release|ARM
		Release|iPhone = Release|iPhone
		Release|iPhoneSimulator = Release|iPhoneSimulator
		Release|x64 = Release|x64
		Release|x86 = Release|x86
	EndGlobalSection
	GlobalSection(ProjectConfigurationPlatforms) = postSolution
		{C385B8F2-EF1B-4436-B380-CCF24F6A8BF6}.Ad-Hoc|Any CPU.ActiveCfg = Release|Any CPU
		{C385B8F2-EF1B-4436-B380-CCF24F6A8BF6}.Ad-Hoc|Any CPU.Build.0 = Release|Any CPU
		{C385B8F2-EF1B-4436-B380-CCF24F6A8BF6}.Ad-Hoc|Any CPU.Deploy.0 = Release|Any CPU
		{C385B8F2-EF1B-4436-B380-CCF24F6A8BF6}.Ad-Hoc|ARM.ActiveCfg = Release|Any CPU
		{C385B8F2-EF1B-4436-B380-CCF24F6A8BF6}.Ad-Hoc|ARM.Build.0 = Release|Any CPU
		{C385B8F2-EF1B-4436-B380-CCF24F6A8BF6}.Ad-Hoc|ARM.Deploy.0 = Release|Any CPU
		{C385B8F2-EF1B-4436-B380-CCF24F6A8BF6}.Ad-Hoc|iPhone.ActiveCfg = Release|Any CPU
		{C385B8F2-EF1B-4436-B380-CCF24F6A8BF6}.Ad-Hoc|iPhone.Build.0 = Release|Any CPU
		{C385B8F2-EF1B-4436-B380-CCF24F6A8BF6}.Ad-Hoc|iPhone.Deploy.0 = Release|Any CPU
		{C385B8F2-EF1B-4436-B380-CCF24F6A8BF6}.Ad-Hoc|iPhoneSimulator.ActiveCfg = Release|Any CPU
		{C385B8F2-EF1B-4436-B380-CCF24F6A8BF6}.Ad-Hoc|iPhoneSimulator.Build.0 = Release|Any CPU
		{C385B8F2-EF1B-4436-B380-CCF24F6A8BF6}.Ad-Hoc|iPhoneSimulator.Deploy.0 = Release|Any CPU
		{C385B8F2-EF1B-4436-B380-CCF24F6A8BF6}.Ad-Hoc|x64.ActiveCfg = Release|Any CPU
		{C385B8F2-EF1B-4436-B380-CCF24F6A8BF6}.Ad-Hoc|x64.Build.0 = Release|Any CPU
		{C385B8F2-EF1B-4436-B380-CCF24F6A8BF6}.Ad-Hoc|x64.Deploy.0 = Release|Any CPU
		{C385B8F2-EF1B-4436-B380-CCF24F6A8BF6}.Ad-Hoc|x86.ActiveCfg = Release|Any CPU
		{C385B8F2-EF1B-4436-B380-CCF24F6A8BF6}.Ad-Hoc|x86.Build.0 = Release|Any CPU
		{C385B8F2-EF1B-4436-B380-CCF24F6A8BF6}.Ad-Hoc|x86.Deploy.0 = Release|Any CPU
		{C385B8F2-EF1B-4436-B380-CCF24F6A8BF6}.AppStore|Any CPU.ActiveCfg = Release|Any CPU
		{C385B8F2-EF1B-4436-B380-CCF24F6A8BF6}.AppStore|Any CPU.Build.0 = Release|Any CPU
		{C385B8F2-EF1B-4436-B380-CCF24F6A8BF6}.AppStore|Any CPU.Deploy.0 = Release|Any CPU
		{C385B8F2-EF1B-4436-B380-CCF24F6A8BF6}.AppStore|ARM.ActiveCfg = Release|Any CPU
		{C385B8F2-EF1B-4436-B380-CCF24F6A8BF6}.AppStore|ARM.Build.0 = Release|Any CPU
		{C385B8F2-EF1B-4436-B380-CCF24F6A8BF6}.AppStore|ARM.Deploy.0 = Release|Any CPU
		{C385B8F2-EF1B-4436-B380-CCF24F6A8BF6}.AppStore|iPhone.ActiveCfg = Release|Any CPU
		{C385B8F2-EF1B-4436-B380-CCF24F6A8BF6}.AppStore|iPhone.Build.0 = Release|Any CPU
		{C385B8F2-EF1B-4436-B380-CCF24F6A8BF6}.AppStore|iPhone.Deploy.0 = Release|Any CPU
		{C385B8F2-EF1B-4436-B380-CCF24F6A8BF6}.AppStore|iPhoneSimulator.ActiveCfg = Release|Any CPU
		{C385B8F2-EF1B-4436-B380-CCF24F6A8BF6}.AppStore|iPhoneSimulator.Build.0 = Release|Any CPU
		{C385B8F2-EF1B-4436-B380-CCF24F6A8BF6}.AppStore|iPhoneSimulator.Deploy.0 = Release|Any CPU
		{C385B8F2-EF1B-4436-B380-CCF24F6A8BF6}.AppStore|x64.ActiveCfg = Release|Any CPU
		{C385B8F2-EF1B-4436-B380-CCF24F6A8BF6}.AppStore|x64.Build.0 = Release|Any CPU
		{C385B8F2-EF1B-4436-B380-CCF24F6A8BF6}.AppStore|x64.Deploy.0 = Release|Any CPU
		{C385B8F2-EF1B-4436-B380-CCF24F6A8BF6}.AppStore|x86.ActiveCfg = Release|Any CPU
		{C385B8F2-EF1B-4436-B380-CCF24F6A8BF6}.AppStore|x86.Build.0 = Release|Any CPU
		{C385B8F2-EF1B-4436-B380-CCF24F6A8BF6}.AppStore|x86.Deploy.0 = Release|Any CPU
		{C385B8F2-EF1B-4436-B380-CCF24F6A8BF6}.Debug|Any CPU.ActiveCfg = Debug|Any CPU
		{C385B8F2-EF1B-4436-B380-CCF24F6A8BF6}.Debug|Any CPU.Build.0 = Debug|Any CPU
		{C385B8F2-EF1B-4436-B380-CCF24F6A8BF6}.Debug|Any CPU.Deploy.0 = Debug|Any CPU
		{C385B8F2-EF1B-4436-B380-CCF24F6A8BF6}.Debug|ARM.ActiveCfg = Debug|Any CPU
		{C385B8F2-EF1B-4436-B380-CCF24F6A8BF6}.Debug|ARM.Build.0 = Debug|Any CPU
		{C385B8F2-EF1B-4436-B380-CCF24F6A8BF6}.Debug|ARM.Deploy.0 = Debug|Any CPU
		{C385B8F2-EF1B-4436-B380-CCF24F6A8BF6}.Debug|iPhone.ActiveCfg = Debug|Any CPU
		{C385B8F2-EF1B-4436-B380-CCF24F6A8BF6}.Debug|iPhone.Build.0 = Debug|Any CPU
		{C385B8F2-EF1B-4436-B380-CCF24F6A8BF6}.Debug|iPhone.Deploy.0 = Debug|Any CPU
		{C385B8F2-EF1B-4436-B380-CCF24F6A8BF6}.Debug|iPhoneSimulator.ActiveCfg = Debug|Any CPU
		{C385B8F2-EF1B-4436-B380-CCF24F6A8BF6}.Debug|iPhoneSimulator.Build.0 = Debug|Any CPU
		{C385B8F2-EF1B-4436-B380-CCF24F6A8BF6}.Debug|iPhoneSimulator.Deploy.0 = Debug|Any CPU
		{C385B8F2-EF1B-4436-B380-CCF24F6A8BF6}.Debug|x64.ActiveCfg = Debug|Any CPU
		{C385B8F2-EF1B-4436-B380-CCF24F6A8BF6}.Debug|x64.Build.0 = Debug|Any CPU
		{C385B8F2-EF1B-4436-B380-CCF24F6A8BF6}.Debug|x64.Deploy.0 = Debug|Any CPU
		{C385B8F2-EF1B-4436-B380-CCF24F6A8BF6}.Debug|x86.ActiveCfg = Debug|Any CPU
		{C385B8F2-EF1B-4436-B380-CCF24F6A8BF6}.Debug|x86.Build.0 = Debug|Any CPU
		{C385B8F2-EF1B-4436-B380-CCF24F6A8BF6}.Debug|x86.Deploy.0 = Debug|Any CPU
		{C385B8F2-EF1B-4436-B380-CCF24F6A8BF6}.Release|Any CPU.ActiveCfg = Release|Any CPU
		{C385B8F2-EF1B-4436-B380-CCF24F6A8BF6}.Release|Any CPU.Build.0 = Release|Any CPU
		{C385B8F2-EF1B-4436-B380-CCF24F6A8BF6}.Release|Any CPU.Deploy.0 = Release|Any CPU
		{C385B8F2-EF1B-4436-B380-CCF24F6A8BF6}.Release|ARM.ActiveCfg = Release|Any CPU
		{C385B8F2-EF1B-4436-B380-CCF24F6A8BF6}.Release|ARM.Build.0 = Release|Any CPU
		{C385B8F2-EF1B-4436-B380-CCF24F6A8BF6}.Release|ARM.Deploy.0 = Release|Any CPU
		{C385B8F2-EF1B-4436-B380-CCF24F6A8BF6}.Release|iPhone.ActiveCfg = Release|Any CPU
		{C385B8F2-EF1B-4436-B380-CCF24F6A8BF6}.Release|iPhone.Build.0 = Release|Any CPU
		{C385B8F2-EF1B-4436-B380-CCF24F6A8BF6}.Release|iPhone.Deploy.0 = Release|Any CPU
		{C385B8F2-EF1B-4436-B380-CCF24F6A8BF6}.Release|iPhoneSimulator.ActiveCfg = Release|Any CPU
		{C385B8F2-EF1B-4436-B380-CCF24F6A8BF6}.Release|iPhoneSimulator.Build.0 = Release|Any CPU
		{C385B8F2-EF1B-4436-B380-CCF24F6A8BF6}.Release|iPhoneSimulator.Deploy.0 = Release|Any CPU
		{C385B8F2-EF1B-4436-B380-CCF24F6A8BF6}.Release|x64.ActiveCfg = Release|Any CPU
		{C385B8F2-EF1B-4436-B380-CCF24F6A8BF6}.Release|x64.Build.0 = Release|Any CPU
		{C385B8F2-EF1B-4436-B380-CCF24F6A8BF6}.Release|x64.Deploy.0 = Release|Any CPU
		{C385B8F2-EF1B-4436-B380-CCF24F6A8BF6}.Release|x86.ActiveCfg = Release|Any CPU
		{C385B8F2-EF1B-4436-B380-CCF24F6A8BF6}.Release|x86.Build.0 = Release|Any CPU
		{C385B8F2-EF1B-4436-B380-CCF24F6A8BF6}.Release|x86.Deploy.0 = Release|Any CPU
		{459EBF17-EAD9-46E2-BBB1-15840471224E}.Ad-Hoc|Any CPU.ActiveCfg = Ad-Hoc|iPhone
		{459EBF17-EAD9-46E2-BBB1-15840471224E}.Ad-Hoc|ARM.ActiveCfg = Ad-Hoc|iPhone
		{459EBF17-EAD9-46E2-BBB1-15840471224E}.Ad-Hoc|iPhone.ActiveCfg = Ad-Hoc|iPhone
		{459EBF17-EAD9-46E2-BBB1-15840471224E}.Ad-Hoc|iPhone.Build.0 = Ad-Hoc|iPhone
		{459EBF17-EAD9-46E2-BBB1-15840471224E}.Ad-Hoc|iPhoneSimulator.ActiveCfg = Ad-Hoc|iPhoneSimulator
		{459EBF17-EAD9-46E2-BBB1-15840471224E}.Ad-Hoc|iPhoneSimulator.Build.0 = Ad-Hoc|iPhoneSimulator
		{459EBF17-EAD9-46E2-BBB1-15840471224E}.Ad-Hoc|x64.ActiveCfg = Ad-Hoc|iPhone
		{459EBF17-EAD9-46E2-BBB1-15840471224E}.Ad-Hoc|x86.ActiveCfg = Ad-Hoc|iPhone
		{459EBF17-EAD9-46E2-BBB1-15840471224E}.AppStore|Any CPU.ActiveCfg = AppStore|iPhone
		{459EBF17-EAD9-46E2-BBB1-15840471224E}.AppStore|ARM.ActiveCfg = AppStore|iPhone
		{459EBF17-EAD9-46E2-BBB1-15840471224E}.AppStore|iPhone.ActiveCfg = AppStore|iPhone
		{459EBF17-EAD9-46E2-BBB1-15840471224E}.AppStore|iPhone.Build.0 = AppStore|iPhone
		{459EBF17-EAD9-46E2-BBB1-15840471224E}.AppStore|iPhoneSimulator.ActiveCfg = AppStore|iPhoneSimulator
		{459EBF17-EAD9-46E2-BBB1-15840471224E}.AppStore|iPhoneSimulator.Build.0 = AppStore|iPhoneSimulator
		{459EBF17-EAD9-46E2-BBB1-15840471224E}.AppStore|x64.ActiveCfg = AppStore|iPhone
		{459EBF17-EAD9-46E2-BBB1-15840471224E}.AppStore|x86.ActiveCfg = AppStore|iPhone
		{459EBF17-EAD9-46E2-BBB1-15840471224E}.Debug|Any CPU.ActiveCfg = Debug|iPhone
		{459EBF17-EAD9-46E2-BBB1-15840471224E}.Debug|ARM.ActiveCfg = Debug|iPhone
		{459EBF17-EAD9-46E2-BBB1-15840471224E}.Debug|iPhone.ActiveCfg = Debug|iPhone
		{459EBF17-EAD9-46E2-BBB1-15840471224E}.Debug|iPhone.Build.0 = Debug|iPhone
		{459EBF17-EAD9-46E2-BBB1-15840471224E}.Debug|iPhoneSimulator.ActiveCfg = Debug|iPhoneSimulator
		{459EBF17-EAD9-46E2-BBB1-15840471224E}.Debug|iPhoneSimulator.Build.0 = Debug|iPhoneSimulator
		{459EBF17-EAD9-46E2-BBB1-15840471224E}.Debug|x64.ActiveCfg = Debug|iPhone
		{459EBF17-EAD9-46E2-BBB1-15840471224E}.Debug|x86.ActiveCfg = Debug|iPhone
		{459EBF17-EAD9-46E2-BBB1-15840471224E}.Release|Any CPU.ActiveCfg = Release|iPhone
		{459EBF17-EAD9-46E2-BBB1-15840471224E}.Release|ARM.ActiveCfg = Release|iPhone
		{459EBF17-EAD9-46E2-BBB1-15840471224E}.Release|iPhone.ActiveCfg = Release|iPhone
		{459EBF17-EAD9-46E2-BBB1-15840471224E}.Release|iPhone.Build.0 = Release|iPhone
		{459EBF17-EAD9-46E2-BBB1-15840471224E}.Release|iPhoneSimulator.ActiveCfg = Release|iPhoneSimulator
		{459EBF17-EAD9-46E2-BBB1-15840471224E}.Release|iPhoneSimulator.Build.0 = Release|iPhoneSimulator
		{459EBF17-EAD9-46E2-BBB1-15840471224E}.Release|x64.ActiveCfg = Release|iPhone
		{459EBF17-EAD9-46E2-BBB1-15840471224E}.Release|x86.ActiveCfg = Release|iPhone
		{C009BE8D-06B0-4262-9C0A-459D7DEF3124}.Ad-Hoc|Any CPU.ActiveCfg = Release|x86
		{C009BE8D-06B0-4262-9C0A-459D7DEF3124}.Ad-Hoc|Any CPU.Build.0 = Release|x86
		{C009BE8D-06B0-4262-9C0A-459D7DEF3124}.Ad-Hoc|Any CPU.Deploy.0 = Release|x86
		{C009BE8D-06B0-4262-9C0A-459D7DEF3124}.Ad-Hoc|ARM.ActiveCfg = Release|ARM
		{C009BE8D-06B0-4262-9C0A-459D7DEF3124}.Ad-Hoc|ARM.Build.0 = Release|ARM
		{C009BE8D-06B0-4262-9C0A-459D7DEF3124}.Ad-Hoc|ARM.Deploy.0 = Release|ARM
		{C009BE8D-06B0-4262-9C0A-459D7DEF3124}.Ad-Hoc|iPhone.ActiveCfg = Release|x86
		{C009BE8D-06B0-4262-9C0A-459D7DEF3124}.Ad-Hoc|iPhone.Build.0 = Release|x86
		{C009BE8D-06B0-4262-9C0A-459D7DEF3124}.Ad-Hoc|iPhone.Deploy.0 = Release|x86
		{C009BE8D-06B0-4262-9C0A-459D7DEF3124}.Ad-Hoc|iPhoneSimulator.ActiveCfg = Release|x86
		{C009BE8D-06B0-4262-9C0A-459D7DEF3124}.Ad-Hoc|iPhoneSimulator.Build.0 = Release|x86
		{C009BE8D-06B0-4262-9C0A-459D7DEF3124}.Ad-Hoc|iPhoneSimulator.Deploy.0 = Release|x86
		{C009BE8D-06B0-4262-9C0A-459D7DEF3124}.Ad-Hoc|x64.ActiveCfg = Release|x64
		{C009BE8D-06B0-4262-9C0A-459D7DEF3124}.Ad-Hoc|x64.Build.0 = Release|x64
		{C009BE8D-06B0-4262-9C0A-459D7DEF3124}.Ad-Hoc|x64.Deploy.0 = Release|x64
		{C009BE8D-06B0-4262-9C0A-459D7DEF3124}.Ad-Hoc|x86.ActiveCfg = Release|x86
		{C009BE8D-06B0-4262-9C0A-459D7DEF3124}.Ad-Hoc|x86.Build.0 = Release|x86
		{C009BE8D-06B0-4262-9C0A-459D7DEF3124}.Ad-Hoc|x86.Deploy.0 = Release|x86
		{C009BE8D-06B0-4262-9C0A-459D7DEF3124}.AppStore|Any CPU.ActiveCfg = Release|x86
		{C009BE8D-06B0-4262-9C0A-459D7DEF3124}.AppStore|Any CPU.Build.0 = Release|x86
		{C009BE8D-06B0-4262-9C0A-459D7DEF3124}.AppStore|Any CPU.Deploy.0 = Release|x86
		{C009BE8D-06B0-4262-9C0A-459D7DEF3124}.AppStore|ARM.ActiveCfg = Release|ARM
		{C009BE8D-06B0-4262-9C0A-459D7DEF3124}.AppStore|ARM.Build.0 = Release|ARM
		{C009BE8D-06B0-4262-9C0A-459D7DEF3124}.AppStore|ARM.Deploy.0 = Release|ARM
		{C009BE8D-06B0-4262-9C0A-459D7DEF3124}.AppStore|iPhone.ActiveCfg = Release|x86
		{C009BE8D-06B0-4262-9C0A-459D7DEF3124}.AppStore|iPhone.Build.0 = Release|x86
		{C009BE8D-06B0-4262-9C0A-459D7DEF3124}.AppStore|iPhone.Deploy.0 = Release|x86
		{C009BE8D-06B0-4262-9C0A-459D7DEF3124}.AppStore|iPhoneSimulator.ActiveCfg = Release|x86
		{C009BE8D-06B0-4262-9C0A-459D7DEF3124}.AppStore|iPhoneSimulator.Build.0 = Release|x86
		{C009BE8D-06B0-4262-9C0A-459D7DEF3124}.AppStore|iPhoneSimulator.Deploy.0 = Release|x86
		{C009BE8D-06B0-4262-9C0A-459D7DEF3124}.AppStore|x64.ActiveCfg = Release|x64
		{C009BE8D-06B0-4262-9C0A-459D7DEF3124}.AppStore|x64.Build.0 = Release|x64
		{C009BE8D-06B0-4262-9C0A-459D7DEF3124}.AppStore|x64.Deploy.0 = Release|x64
		{C009BE8D-06B0-4262-9C0A-459D7DEF3124}.AppStore|x86.ActiveCfg = Release|x86
		{C009BE8D-06B0-4262-9C0A-459D7DEF3124}.AppStore|x86.Build.0 = Release|x86
		{C009BE8D-06B0-4262-9C0A-459D7DEF3124}.AppStore|x86.Deploy.0 = Release|x86
		{C009BE8D-06B0-4262-9C0A-459D7DEF3124}.Debug|Any CPU.ActiveCfg = Debug|x86
		{C009BE8D-06B0-4262-9C0A-459D7DEF3124}.Debug|ARM.ActiveCfg = Debug|ARM
		{C009BE8D-06B0-4262-9C0A-459D7DEF3124}.Debug|ARM.Build.0 = Debug|ARM
		{C009BE8D-06B0-4262-9C0A-459D7DEF3124}.Debug|ARM.Deploy.0 = Debug|ARM
		{C009BE8D-06B0-4262-9C0A-459D7DEF3124}.Debug|iPhone.ActiveCfg = Debug|x86
		{C009BE8D-06B0-4262-9C0A-459D7DEF3124}.Debug|iPhoneSimulator.ActiveCfg = Debug|x86
		{C009BE8D-06B0-4262-9C0A-459D7DEF3124}.Debug|x64.ActiveCfg = Debug|x64
		{C009BE8D-06B0-4262-9C0A-459D7DEF3124}.Debug|x64.Build.0 = Debug|x64
		{C009BE8D-06B0-4262-9C0A-459D7DEF3124}.Debug|x64.Deploy.0 = Debug|x64
		{C009BE8D-06B0-4262-9C0A-459D7DEF3124}.Debug|x86.ActiveCfg = Debug|x86
		{C009BE8D-06B0-4262-9C0A-459D7DEF3124}.Debug|x86.Build.0 = Debug|x86
		{C009BE8D-06B0-4262-9C0A-459D7DEF3124}.Debug|x86.Deploy.0 = Debug|x86
		{C009BE8D-06B0-4262-9C0A-459D7DEF3124}.Release|Any CPU.ActiveCfg = Release|x86
		{C009BE8D-06B0-4262-9C0A-459D7DEF3124}.Release|ARM.ActiveCfg = Release|ARM
		{C009BE8D-06B0-4262-9C0A-459D7DEF3124}.Release|ARM.Build.0 = Release|ARM
		{C009BE8D-06B0-4262-9C0A-459D7DEF3124}.Release|ARM.Deploy.0 = Release|ARM
		{C009BE8D-06B0-4262-9C0A-459D7DEF3124}.Release|iPhone.ActiveCfg = Release|x86
		{C009BE8D-06B0-4262-9C0A-459D7DEF3124}.Release|iPhoneSimulator.ActiveCfg = Release|x86
		{C009BE8D-06B0-4262-9C0A-459D7DEF3124}.Release|x64.ActiveCfg = Release|x64
		{C009BE8D-06B0-4262-9C0A-459D7DEF3124}.Release|x64.Build.0 = Release|x64
		{C009BE8D-06B0-4262-9C0A-459D7DEF3124}.Release|x64.Deploy.0 = Release|x64
		{C009BE8D-06B0-4262-9C0A-459D7DEF3124}.Release|x86.ActiveCfg = Release|x86
		{C009BE8D-06B0-4262-9C0A-459D7DEF3124}.Release|x86.Build.0 = Release|x86
		{C009BE8D-06B0-4262-9C0A-459D7DEF3124}.Release|x86.Deploy.0 = Release|x86
		{F8A9CEF7-352D-4116-853F-925AAE4706D1}.Ad-Hoc|Any CPU.ActiveCfg = Release|Any CPU
		{F8A9CEF7-352D-4116-853F-925AAE4706D1}.Ad-Hoc|Any CPU.Build.0 = Release|Any CPU
		{F8A9CEF7-352D-4116-853F-925AAE4706D1}.Ad-Hoc|ARM.ActiveCfg = Release|Any CPU
		{F8A9CEF7-352D-4116-853F-925AAE4706D1}.Ad-Hoc|ARM.Build.0 = Release|Any CPU
		{F8A9CEF7-352D-4116-853F-925AAE4706D1}.Ad-Hoc|iPhone.ActiveCfg = Release|Any CPU
		{F8A9CEF7-352D-4116-853F-925AAE4706D1}.Ad-Hoc|iPhone.Build.0 = Release|Any CPU
		{F8A9CEF7-352D-4116-853F-925AAE4706D1}.Ad-Hoc|iPhoneSimulator.ActiveCfg = Release|Any CPU
		{F8A9CEF7-352D-4116-853F-925AAE4706D1}.Ad-Hoc|iPhoneSimulator.Build.0 = Release|Any CPU
		{F8A9CEF7-352D-4116-853F-925AAE4706D1}.Ad-Hoc|x64.ActiveCfg = Release|Any CPU
		{F8A9CEF7-352D-4116-853F-925AAE4706D1}.Ad-Hoc|x64.Build.0 = Release|Any CPU
		{F8A9CEF7-352D-4116-853F-925AAE4706D1}.Ad-Hoc|x86.ActiveCfg = Release|Any CPU
		{F8A9CEF7-352D-4116-853F-925AAE4706D1}.Ad-Hoc|x86.Build.0 = Release|Any CPU
		{F8A9CEF7-352D-4116-853F-925AAE4706D1}.AppStore|Any CPU.ActiveCfg = Release|Any CPU
		{F8A9CEF7-352D-4116-853F-925AAE4706D1}.AppStore|Any CPU.Build.0 = Release|Any CPU
		{F8A9CEF7-352D-4116-853F-925AAE4706D1}.AppStore|ARM.ActiveCfg = Release|Any CPU
		{F8A9CEF7-352D-4116-853F-925AAE4706D1}.AppStore|ARM.Build.0 = Release|Any CPU
		{F8A9CEF7-352D-4116-853F-925AAE4706D1}.AppStore|iPhone.ActiveCfg = Release|Any CPU
		{F8A9CEF7-352D-4116-853F-925AAE4706D1}.AppStore|iPhone.Build.0 = Release|Any CPU
		{F8A9CEF7-352D-4116-853F-925AAE4706D1}.AppStore|iPhoneSimulator.ActiveCfg = Release|Any CPU
		{F8A9CEF7-352D-4116-853F-925AAE4706D1}.AppStore|iPhoneSimulator.Build.0 = Release|Any CPU
		{F8A9CEF7-352D-4116-853F-925AAE4706D1}.AppStore|x64.ActiveCfg = Release|Any CPU
		{F8A9CEF7-352D-4116-853F-925AAE4706D1}.AppStore|x64.Build.0 = Release|Any CPU
		{F8A9CEF7-352D-4116-853F-925AAE4706D1}.AppStore|x86.ActiveCfg = Release|Any CPU
		{F8A9CEF7-352D-4116-853F-925AAE4706D1}.AppStore|x86.Build.0 = Release|Any CPU
		{F8A9CEF7-352D-4116-853F-925AAE4706D1}.Debug|Any CPU.ActiveCfg = Debug|Any CPU
		{F8A9CEF7-352D-4116-853F-925AAE4706D1}.Debug|Any CPU.Build.0 = Debug|Any CPU
		{F8A9CEF7-352D-4116-853F-925AAE4706D1}.Debug|ARM.ActiveCfg = Debug|Any CPU
		{F8A9CEF7-352D-4116-853F-925AAE4706D1}.Debug|ARM.Build.0 = Debug|Any CPU
		{F8A9CEF7-352D-4116-853F-925AAE4706D1}.Debug|iPhone.ActiveCfg = Debug|Any CPU
		{F8A9CEF7-352D-4116-853F-925AAE4706D1}.Debug|iPhone.Build.0 = Debug|Any CPU
		{F8A9CEF7-352D-4116-853F-925AAE4706D1}.Debug|iPhoneSimulator.ActiveCfg = Debug|Any CPU
		{F8A9CEF7-352D-4116-853F-925AAE4706D1}.Debug|iPhoneSimulator.Build.0 = Debug|Any CPU
		{F8A9CEF7-352D-4116-853F-925AAE4706D1}.Debug|x64.ActiveCfg = Debug|Any CPU
		{F8A9CEF7-352D-4116-853F-925AAE4706D1}.Debug|x64.Build.0 = Debug|Any CPU
		{F8A9CEF7-352D-4116-853F-925AAE4706D1}.Debug|x86.ActiveCfg = Debug|Any CPU
		{F8A9CEF7-352D-4116-853F-925AAE4706D1}.Debug|x86.Build.0 = Debug|Any CPU
		{F8A9CEF7-352D-4116-853F-925AAE4706D1}.Release|Any CPU.ActiveCfg = Release|Any CPU
		{F8A9CEF7-352D-4116-853F-925AAE4706D1}.Release|Any CPU.Build.0 = Release|Any CPU
		{F8A9CEF7-352D-4116-853F-925AAE4706D1}.Release|ARM.ActiveCfg = Release|Any CPU
		{F8A9CEF7-352D-4116-853F-925AAE4706D1}.Release|ARM.Build.0 = Release|Any CPU
		{F8A9CEF7-352D-4116-853F-925AAE4706D1}.Release|iPhone.ActiveCfg = Release|Any CPU
		{F8A9CEF7-352D-4116-853F-925AAE4706D1}.Release|iPhone.Build.0 = Release|Any CPU
		{F8A9CEF7-352D-4116-853F-925AAE4706D1}.Release|iPhoneSimulator.ActiveCfg = Release|Any CPU
		{F8A9CEF7-352D-4116-853F-925AAE4706D1}.Release|iPhoneSimulator.Build.0 = Release|Any CPU
		{F8A9CEF7-352D-4116-853F-925AAE4706D1}.Release|x64.ActiveCfg = Release|Any CPU
		{F8A9CEF7-352D-4116-853F-925AAE4706D1}.Release|x64.Build.0 = Release|Any CPU
		{F8A9CEF7-352D-4116-853F-925AAE4706D1}.Release|x86.ActiveCfg = Release|Any CPU
		{F8A9CEF7-352D-4116-853F-925AAE4706D1}.Release|x86.Build.0 = Release|Any CPU
	EndGlobalSection
	GlobalSection(SolutionProperties) = preSolution
		HideSolutionNode = FALSE
	EndGlobalSection
EndGlobal
